
Microsoft Visual Studio Solution File, Format Version 12.00
# Visual Studio Version 17
VisualStudioVersion = 17.0.31903.59
MinimumVisualStudioVersion = 10.0.40219.1
Project("{FAE04EC0-301F-11D3-BF4B-00C04F79EFBC}") = "FinancialAutomation.API", "FinancialAutomation.API\FinancialAutomation.API.csproj", "{9F20546B-48C6-4ACF-AB04-DD8E2548AA3B}"
EndProject
Project("{FAE04EC0-301F-11D3-BF4B-00C04F79EFBC}") = "FinancialAutomation.Application", "FinancialAutomation.Application\FinancialAutomation.Application.csproj", "{A7979BFE-C87F-424F-8598-C217FBB8B1AF}"
EndProject
Project("{FAE04EC0-301F-11D3-BF4B-00C04F79EFBC}") = "FinancialAutomation.Domain", "FinancialAutomation.Domain\FinancialAutomation.Domain.csproj", "{0518173F-38CD-44DE-99F7-06A4D386272E}"
EndProject
Project("{FAE04EC0-301F-11D3-BF4B-00C04F79EFBC}") = "FinancialAutomation.Infrastructure", "FinancialAutomation.Infrastructure\FinancialAutomation.Infrastructure.csproj", "{1AD233D5-DDFD-4FA9-BF7D-03F2F8B47674}"
EndProject
Project("{FAE04EC0-301F-11D3-BF4B-00C04F79EFBC}") = "FinancialAutomation.Tests", "FinancialAutomation.Tests\FinancialAutomation.Tests.csproj", "{B02F91DB-6CB4-467B-B200-4D158E236B7C}"
EndProject
Global
	GlobalSection(SolutionConfigurationPlatforms) = preSolution
		Debug|Any CPU = Debug|Any CPU
		Debug|x64 = Debug|x64
		Debug|x86 = Debug|x86
		Release|Any CPU = Release|Any CPU
		Release|x64 = Release|x64
		Release|x86 = Release|x86
	EndGlobalSection
	GlobalSection(ProjectConfigurationPlatforms) = postSolution
		{9F20546B-48C6-4ACF-AB04-DD8E2548AA3B}.Debug|Any CPU.ActiveCfg = Debug|Any CPU
		{9F20546B-48C6-4ACF-AB04-DD8E2548AA3B}.Debug|Any CPU.Build.0 = Debug|Any CPU
		{9F20546B-48C6-4ACF-AB04-DD8E2548AA3B}.Debug|x64.ActiveCfg = Debug|Any CPU
		{9F20546B-48C6-4ACF-AB04-DD8E2548AA3B}.Debug|x64.Build.0 = Debug|Any CPU
		{9F20546B-48C6-4ACF-AB04-DD8E2548AA3B}.Debug|x86.ActiveCfg = Debug|Any CPU
		{9F20546B-48C6-4ACF-AB04-DD8E2548AA3B}.Debug|x86.Build.0 = Debug|Any CPU
		{9F20546B-48C6-4ACF-AB04-DD8E2548AA3B}.Release|Any CPU.ActiveCfg = Release|Any CPU
		{9F20546B-48C6-4ACF-AB04-DD8E2548AA3B}.Release|Any CPU.Build.0 = Release|Any CPU
		{9F20546B-48C6-4ACF-AB04-DD8E2548AA3B}.Release|x64.ActiveCfg = Release|Any CPU
		{9F20546B-48C6-4ACF-AB04-DD8E2548AA3B}.Release|x64.Build.0 = Release|Any CPU
		{9F20546B-48C6-4ACF-AB04-DD8E2548AA3B}.Release|x86.ActiveCfg = Release|Any CPU
		{9F20546B-48C6-4ACF-AB04-DD8E2548AA3B}.Release|x86.Build.0 = Release|Any CPU
		{A7979BFE-C87F-424F-8598-C217FBB8B1AF}.Debug|Any CPU.ActiveCfg = Debug|Any CPU
		{A7979BFE-C87F-424F-8598-C217FBB8B1AF}.Debug|Any CPU.Build.0 = Debug|Any CPU
		{A7979BFE-C87F-424F-8598-C217FBB8B1AF}.Debug|x64.ActiveCfg = Debug|Any CPU
		{A7979BFE-C87F-424F-8598-C217FBB8B1AF}.Debug|x64.Build.0 = Debug|Any CPU
		{A7979BFE-C87F-424F-8598-C217FBB8B1AF}.Debug|x86.ActiveCfg = Debug|Any CPU
		{A7979BFE-C87F-424F-8598-C217FBB8B1AF}.Debug|x86.Build.0 = Debug|Any CPU
		{A7979BFE-C87F-424F-8598-C217FBB8B1AF}.Release|Any CPU.ActiveCfg = Release|Any CPU
		{A7979BFE-C87F-424F-8598-C217FBB8B1AF}.Release|Any CPU.Build.0 = Release|Any CPU
		{A7979BFE-C87F-424F-8598-C217FBB8B1AF}.Release|x64.ActiveCfg = Release|Any CPU
		{A7979BFE-C87F-424F-8598-C217FBB8B1AF}.Release|x64.Build.0 = Release|Any CPU
		{A7979BFE-C87F-424F-8598-C217FBB8B1AF}.Release|x86.ActiveCfg = Release|Any CPU
		{A7979BFE-C87F-424F-8598-C217FBB8B1AF}.Release|x86.Build.0 = Release|Any CPU
		{0518173F-38CD-44DE-99F7-06A4D386272E}.Debug|Any CPU.ActiveCfg = Debug|Any CPU
		{0518173F-38CD-44DE-99F7-06A4D386272E}.Debug|Any CPU.Build.0 = Debug|Any CPU
		{0518173F-38CD-44DE-99F7-06A4D386272E}.Debug|x64.ActiveCfg = Debug|Any CPU
		{0518173F-38CD-44DE-99F7-06A4D386272E}.Debug|x64.Build.0 = Debug|Any CPU
		{0518173F-38CD-44DE-99F7-06A4D386272E}.Debug|x86.ActiveCfg = Debug|Any CPU
		{0518173F-38CD-44DE-99F7-06A4D386272E}.Debug|x86.Build.0 = Debug|Any CPU
		{0518173F-38CD-44DE-99F7-06A4D386272E}.Release|Any CPU.ActiveCfg = Release|Any CPU
		{0518173F-38CD-44DE-99F7-06A4D386272E}.Release|Any CPU.Build.0 = Release|Any CPU
		{0518173F-38CD-44DE-99F7-06A4D386272E}.Release|x64.ActiveCfg = Release|Any CPU
		{0518173F-38CD-44DE-99F7-06A4D386272E}.Release|x64.Build.0 = Release|Any CPU
		{0518173F-38CD-44DE-99F7-06A4D386272E}.Release|x86.ActiveCfg = Release|Any CPU
		{0518173F-38CD-44DE-99F7-06A4D386272E}.Release|x86.Build.0 = Release|Any CPU
		{1AD233D5-DDFD-4FA9-BF7D-03F2F8B47674}.Debug|Any CPU.ActiveCfg = Debug|Any CPU
		{1AD233D5-DDFD-4FA9-BF7D-03F2F8B47674}.Debug|Any CPU.Build.0 = Debug|Any CPU
		{1AD233D5-DDFD-4FA9-BF7D-03F2F8B47674}.Debug|x64.ActiveCfg = Debug|Any CPU
		{1AD233D5-DDFD-4FA9-BF7D-03F2F8B47674}.Debug|x64.Build.0 = Debug|Any CPU
		{1AD233D5-DDFD-4FA9-BF7D-03F2F8B47674}.Debug|x86.ActiveCfg = Debug|Any CPU
		{1AD233D5-DDFD-4FA9-BF7D-03F2F8B47674}.Debug|x86.Build.0 = Debug|Any CPU
		{1AD233D5-DDFD-4FA9-BF7D-03F2F8B47674}.Release|Any CPU.ActiveCfg = Release|Any CPU
		{1AD233D5-DDFD-4FA9-BF7D-03F2F8B47674}.Release|Any CPU.Build.0 = Release|Any CPU
		{1AD233D5-DDFD-4FA9-BF7D-03F2F8B47674}.Release|x64.ActiveCfg = Release|Any CPU
		{1AD233D5-DDFD-4FA9-BF7D-03F2F8B47674}.Release|x64.Build.0 = Release|Any CPU
		{1AD233D5-DDFD-4FA9-BF7D-03F2F8B47674}.Release|x86.ActiveCfg = Release|Any CPU
		{1AD233D5-DDFD-4FA9-BF7D-03F2F8B47674}.Release|x86.Build.0 = Release|Any CPU
		{B02F91DB-6CB4-467B-B200-4D158E236B7C}.Debug|Any CPU.ActiveCfg = Debug|Any CPU
		{B02F91DB-6CB4-467B-B200-4D158E236B7C}.Debug|Any CPU.Build.0 = Debug|Any CPU
		{B02F91DB-6CB4-467B-B200-4D158E236B7C}.Debug|x64.ActiveCfg = Debug|Any CPU
		{B02F91DB-6CB4-467B-B200-4D158E236B7C}.Debug|x64.Build.0 = Debug|Any CPU
		{B02F91DB-6CB4-467B-B200-4D158E236B7C}.Debug|x86.ActiveCfg = Debug|Any CPU
		{B02F91DB-6CB4-467B-B200-4D158E236B7C}.Debug|x86.Build.0 = Debug|Any CPU
		{B02F91DB-6CB4-467B-B200-4D158E236B7C}.Release|Any CPU.ActiveCfg = Release|Any CPU
		{B02F91DB-6CB4-467B-B200-4D158E236B7C}.Release|Any CPU.Build.0 = Release|Any CPU
		{B02F91DB-6CB4-467B-B200-4D158E236B7C}.Release|x64.ActiveCfg = Release|Any CPU
		{B02F91DB-6CB4-467B-B200-4D158E236B7C}.Release|x64.Build.0 = Release|Any CPU
		{B02F91DB-6CB4-467B-B200-4D158E236B7C}.Release|x86.ActiveCfg = Release|Any CPU
		{B02F91DB-6CB4-467B-B200-4D158E236B7C}.Release|x86.Build.0 = Release|Any CPU
	EndGlobalSection
	GlobalSection(SolutionProperties) = preSolution
		HideSolutionNode = FALSE
	EndGlobalSection
EndGlobal
